
Microsoft Visual Studio Solution File, Format Version 12.00
# Visual Studio Version 16
VisualStudioVersion = 16.0.30128.74
MinimumVisualStudioVersion = 10.0.40219.1
Project("{FAE04EC0-301F-11D3-BF4B-00C04F79EFBC}") = "FormAuthenticationDemo", "FormAuthenticationDemo\FormAuthenticationDemo.csproj", "{7489D635-DFBD-4A6F-B09C-FD3B76FA5021}"
EndProject
Global
	GlobalSection(SolutionConfigurationPlatforms) = preSolution
		Debug|Any CPU = Debug|Any CPU
		Release|Any CPU = Release|Any CPU
	EndGlobalSection
	GlobalSection(ProjectConfigurationPlatforms) = postSolution
		{7489D635-DFBD-4A6F-B09C-FD3B76FA5021}.Debug|Any CPU.ActiveCfg = Debug|Any CPU
		{7489D635-DFBD-4A6F-B09C-FD3B76FA5021}.Debug|Any CPU.Build.0 = Debug|Any CPU
		{7489D635-DFBD-4A6F-B09C-FD3B76FA5021}.Release|Any CPU.ActiveCfg = Release|Any CPU
		{7489D635-DFBD-4A6F-B09C-FD3B76FA5021}.Release|Any CPU.Build.0 = Release|Any CPU
	EndGlobalSection
	GlobalSection(SolutionProperties) = preSolution
		HideSolutionNode = FALSE
	EndGlobalSection
	GlobalSection(ExtensibilityGlobals) = postSolution
		SolutionGuid = {DAA6640B-3509-48ED-8EB9-591C4D18F654}
	EndGlobalSection
EndGlobal
